
Microsoft Visual Studio Solution File, Format Version 12.00
# Visual Studio Version 16
VisualStudioVersion = 16.0.30104.148
MinimumVisualStudioVersion = 10.0.40219.1
Project("{FAE04EC0-301F-11D3-BF4B-00C04F79EFBC}") = "EntrantSystem", "EntrantSystem.csproj", "{07BD53C2-83AE-4A18-A8A2-41F5B801BAD5}"
EndProject
Global
	GlobalSection(SolutionConfigurationPlatforms) = preSolution
		Debug|Any CPU = Debug|Any CPU
		Release|Any CPU = Release|Any CPU
	EndGlobalSection
	GlobalSection(ProjectConfigurationPlatforms) = postSolution
		{07BD53C2-83AE-4A18-A8A2-41F5B801BAD5}.Debug|Any CPU.ActiveCfg = Debug|Any CPU
		{07BD53C2-83AE-4A18-A8A2-41F5B801BAD5}.Debug|Any CPU.Build.0 = Debug|Any CPU
		{07BD53C2-83AE-4A18-A8A2-41F5B801BAD5}.Release|Any CPU.ActiveCfg = Release|Any CPU
		{07BD53C2-83AE-4A18-A8A2-41F5B801BAD5}.Release|Any CPU.Build.0 = Release|Any CPU
	EndGlobalSection
	GlobalSection(SolutionProperties) = preSolution
		HideSolutionNode = FALSE
	EndGlobalSection
	GlobalSection(ExtensibilityGlobals) = postSolution
		SolutionGuid = {741663FD-2457-4301-8901-0F913380A1E7}
	EndGlobalSection
EndGlobal
